
Microsoft Visual Studio Solution File, Format Version 12.00
# Visual Studio Version 16
VisualStudioVersion = 16.0.31205.134
MinimumVisualStudioVersion = 10.0.40219.1
Project("{FAE04EC0-301F-11D3-BF4B-00C04F79EFBC}") = "CurrencyConverter", "CurrencyConverter.csproj", "{D2DFC04E-D158-4A52-B7EC-1E94C7BBC852}"
EndProject
Global
	GlobalSection(SolutionConfigurationPlatforms) = preSolution
		Debug|Any CPU = Debug|Any CPU
		Release|Any CPU = Release|Any CPU
	EndGlobalSection
	GlobalSection(ProjectConfigurationPlatforms) = postSolution
		{D2DFC04E-D158-4A52-B7EC-1E94C7BBC852}.Debug|Any CPU.ActiveCfg = Debug|Any CPU
		{D2DFC04E-D158-4A52-B7EC-1E94C7BBC852}.Debug|Any CPU.Build.0 = Debug|Any CPU
		{D2DFC04E-D158-4A52-B7EC-1E94C7BBC852}.Release|Any CPU.ActiveCfg = Release|Any CPU
		{D2DFC04E-D158-4A52-B7EC-1E94C7BBC852}.Release|Any CPU.Build.0 = Release|Any CPU
	EndGlobalSection
	GlobalSection(SolutionProperties) = preSolution
		HideSolutionNode = FALSE
	EndGlobalSection
	GlobalSection(ExtensibilityGlobals) = postSolution
		SolutionGuid = {062C80E2-30FB-4DFB-98D1-F3B1BA5B70AE}
	EndGlobalSection
EndGlobal
