
Microsoft Visual Studio Solution File, Format Version 12.00
# Visual Studio Version 16
VisualStudioVersion = 16.0.31205.134
MinimumVisualStudioVersion = 10.0.40219.1
Project("{9A19103F-16F7-4668-BE54-9A1E7A4F7556}") = "CurrencyConverter.UnitTests", "CurrencyConverter.UnitTests\CurrencyConverter.UnitTests.csproj", "{F1A186F0-0427-487A-A485-97597851A26C}"
EndProject
Project("{9A19103F-16F7-4668-BE54-9A1E7A4F7556}") = "CurrencyConverter.Api", "CurrencyConverter.Api\CurrencyConverter.Api.csproj", "{8E0E1614-5421-4318-9313-F8517E780AA9}"
EndProject
Global
	GlobalSection(SolutionConfigurationPlatforms) = preSolution
		Debug|Any CPU = Debug|Any CPU
		Release|Any CPU = Release|Any CPU
	EndGlobalSection
	GlobalSection(ProjectConfigurationPlatforms) = postSolution
		{F1A186F0-0427-487A-A485-97597851A26C}.Debug|Any CPU.ActiveCfg = Debug|Any CPU
		{F1A186F0-0427-487A-A485-97597851A26C}.Debug|Any CPU.Build.0 = Debug|Any CPU
		{F1A186F0-0427-487A-A485-97597851A26C}.Release|Any CPU.ActiveCfg = Release|Any CPU
		{F1A186F0-0427-487A-A485-97597851A26C}.Release|Any CPU.Build.0 = Release|Any CPU
		{8E0E1614-5421-4318-9313-F8517E780AA9}.Debug|Any CPU.ActiveCfg = Debug|Any CPU
		{8E0E1614-5421-4318-9313-F8517E780AA9}.Debug|Any CPU.Build.0 = Debug|Any CPU
		{8E0E1614-5421-4318-9313-F8517E780AA9}.Release|Any CPU.ActiveCfg = Release|Any CPU
		{8E0E1614-5421-4318-9313-F8517E780AA9}.Release|Any CPU.Build.0 = Release|Any CPU
	EndGlobalSection
	GlobalSection(SolutionProperties) = preSolution
		HideSolutionNode = FALSE
	EndGlobalSection
	GlobalSection(ExtensibilityGlobals) = postSolution
		SolutionGuid = {062C80E2-30FB-4DFB-98D1-F3B1BA5B70AE}
	EndGlobalSection
EndGlobal
